
Microsoft Visual Studio Solution File, Format Version 12.00
# Visual Studio 15
VisualStudioVersion = 15.0.28307.1433
MinimumVisualStudioVersion = 10.0.40219.1
Project("{FAE04EC0-301F-11D3-BF4B-00C04F79EFBC}") = "Selection a name for a pet", "Selection a name for a pet\Selection a name for a pet.csproj", "{92713139-7AB2-43FD-BC57-E6F9AFCBF2EE}"
EndProject
Global
	GlobalSection(SolutionConfigurationPlatforms) = preSolution
		Debug|Any CPU = Debug|Any CPU
		Release|Any CPU = Release|Any CPU
	EndGlobalSection
	GlobalSection(ProjectConfigurationPlatforms) = postSolution
		{92713139-7AB2-43FD-BC57-E6F9AFCBF2EE}.Debug|Any CPU.ActiveCfg = Debug|Any CPU
		{92713139-7AB2-43FD-BC57-E6F9AFCBF2EE}.Debug|Any CPU.Build.0 = Debug|Any CPU
		{92713139-7AB2-43FD-BC57-E6F9AFCBF2EE}.Release|Any CPU.ActiveCfg = Release|Any CPU
		{92713139-7AB2-43FD-BC57-E6F9AFCBF2EE}.Release|Any CPU.Build.0 = Release|Any CPU
	EndGlobalSection
	GlobalSection(SolutionProperties) = preSolution
		HideSolutionNode = FALSE
	EndGlobalSection
	GlobalSection(ExtensibilityGlobals) = postSolution
		SolutionGuid = {A972ED75-4916-488E-BCEA-3EC980AB0347}
	EndGlobalSection
EndGlobal
